<?xml version="1.0" encoding="utf-8"?>
<Project ToolsVersion="4.0" xmlns="http://schemas.microsoft.com/developer/msbuild/2003">
  <ItemGroup>
    <Filter Include="源文件">
      <UniqueIdentifier>{4FC737F1-C7A5-4376-A066-2A32D752A2FF}</UniqueIdentifier>
      <Extensions>cpp;c;cc;cxx;def;odl;idl;hpj;bat;asm;asmx</Extensions>
    </Filter>
    <Filter Include="头文件">
      <UniqueIdentifier>{93995380-89BD-4b04-88EB-625FBE52EBFB}</UniqueIdentifier>
      <Extensions>h;hh;hpp;hxx;hm;inl;inc;xsd</Extensions>
    </Filter>
    <Filter Include="资源文件">
      <UniqueIdentifier>{67DA6AB6-F800-4c08-8B7A-83BB121AAD01}</UniqueIdentifier>
      <Extensions>rc;ico;cur;bmp;dlg;rc2;rct;bin;rgs;gif;jpg;jpeg;jpe;resx;tiff;tif;png;wav;mfcribbon-ms</Extensions>
    </Filter>
    <Filter Include="头文件\MapProviders">
      <UniqueIdentifier>{ba26bb08-4b8a-4679-b054-0bb6c2d5270b}</UniqueIdentifier>
    </Filter>
    <Filter Include="源文件\MapProviders">
      <UniqueIdentifier>{332ae181-5c38-4f29-b6b9-bdc21c3b8fa5}</UniqueIdentifier>
    </Filter>
    <Filter Include="源文件\Core">
      <UniqueIdentifier>{087b940f-6175-4636-8768-e81c2c83ba53}</UniqueIdentifier>
    </Filter>
    <Filter Include="头文件\Core">
      <UniqueIdentifier>{b61a4a4c-7e3a-4768-a193-31af13af2d7b}</UniqueIdentifier>
    </Filter>
  </ItemGroup>
  <ItemGroup>
    <Text Include="ReadMe.txt" />
  </ItemGroup>
  <ItemGroup>
    <ClInclude Include="stdafx.h">
      <Filter>头文件</Filter>
    </ClInclude>
    <ClInclude Include="targetver.h">
      <Filter>头文件</Filter>
    </ClInclude>
    <ClInclude Include="MapProviders.h">
      <Filter>头文件\MapProviders</Filter>
    </ClInclude>
    <ClInclude Include="Singleton.h">
      <Filter>头文件\Core</Filter>
    </ClInclude>
    <ClInclude Include="SMapProviders.h">
      <Filter>头文件\Core</Filter>
    </ClInclude>
    <ClInclude Include="PureProjection.h">
      <Filter>头文件\Core</Filter>
    </ClInclude>
    <ClInclude Include="AccessMode.h">
      <Filter>头文件\Core</Filter>
    </ClInclude>
  </ItemGroup>
  <ItemGroup>
    <ClCompile Include="stdafx.cpp">
      <Filter>源文件</Filter>
    </ClCompile>
    <ClCompile Include="Somnus.cpp">
      <Filter>源文件</Filter>
    </ClCompile>
    <ClCompile Include="dllmain.cpp">
      <Filter>源文件</Filter>
    </ClCompile>
    <ClCompile Include="MapProviders.cpp">
      <Filter>源文件\MapProviders</Filter>
    </ClCompile>
    <ClCompile Include="Singleton.cpp">
      <Filter>源文件\Core</Filter>
    </ClCompile>
    <ClCompile Include="SMapProviders.cpp">
      <Filter>源文件\Core</Filter>
    </ClCompile>
    <ClCompile Include="PureProjection.cpp">
      <Filter>源文件\Core</Filter>
    </ClCompile>
  </ItemGroup>
</Project>